
Microsoft Visual Studio Solution File, Format Version 12.00
# Visual Studio Version 16
VisualStudioVersion = 16.0.31515.178
MinimumVisualStudioVersion = 10.0.40219.1
Project("{9A19103F-16F7-4668-BE54-9A1E7A4F7556}") = "ColorPickerWpf", "ColorPickerWpf\ColorPickerWpf.csproj", "{BAAD5010-3B68-471A-A195-A2393F0E0D4B}"
EndProject
Project("{FAE04EC0-301F-11D3-BF4B-00C04F79EFBC}") = "TestApp", "TestApp\TestApp.csproj", "{0582C316-8C2D-4367-BA0C-A21FDA24760F}"
EndProject
Global
	GlobalSection(SolutionConfigurationPlatforms) = preSolution
		Debug|Any CPU = Debug|Any CPU
		Release|Any CPU = Release|Any CPU
	EndGlobalSection
	GlobalSection(ProjectConfigurationPlatforms) = postSolution
		{BAAD5010-3B68-471A-A195-A2393F0E0D4B}.Debug|Any CPU.ActiveCfg = Debug|Any CPU
		{BAAD5010-3B68-471A-A195-A2393F0E0D4B}.Debug|Any CPU.Build.0 = Debug|Any CPU
		{BAAD5010-3B68-471A-A195-A2393F0E0D4B}.Release|Any CPU.ActiveCfg = Release|Any CPU
		{BAAD5010-3B68-471A-A195-A2393F0E0D4B}.Release|Any CPU.Build.0 = Release|Any CPU
		{0582C316-8C2D-4367-BA0C-A21FDA24760F}.Debug|Any CPU.ActiveCfg = Debug|Any CPU
		{0582C316-8C2D-4367-BA0C-A21FDA24760F}.Debug|Any CPU.Build.0 = Debug|Any CPU
		{0582C316-8C2D-4367-BA0C-A21FDA24760F}.Release|Any CPU.ActiveCfg = Release|Any CPU
		{0582C316-8C2D-4367-BA0C-A21FDA24760F}.Release|Any CPU.Build.0 = Release|Any CPU
	EndGlobalSection
	GlobalSection(SolutionProperties) = preSolution
		HideSolutionNode = FALSE
	EndGlobalSection
	GlobalSection(ExtensibilityGlobals) = postSolution
		SolutionGuid = {A42876A2-138B-4736-9AA1-E83D9DE822D8}
	EndGlobalSection
EndGlobal
