
Microsoft Visual Studio Solution File, Format Version 12.00
# Visual Studio Version 16
VisualStudioVersion = 16.0.31515.178
MinimumVisualStudioVersion = 10.0.40219.1
Project("{FAE04EC0-301F-11D3-BF4B-00C04F79EFBC}") = "ColorPickerWPF", "ColorPickerWPF\ColorPickerWPF.csproj", "{7028E44E-407C-4460-A51E-00171036FB36}"
EndProject
Project("{FAE04EC0-301F-11D3-BF4B-00C04F79EFBC}") = "TestApp", "TestApp\TestApp.csproj", "{2B476994-0BFA-4D17-A968-4A022CDFDF9D}"
EndProject
Project("{FAE04EC0-301F-11D3-BF4B-00C04F79EFBC}") = "ColorPickerWpf.Core", "ColorPickerWpf.Core\ColorPickerWpf.Core.csproj", "{BAAD5010-3B68-471A-A195-A2393F0E0D4B}"
EndProject
Global
	GlobalSection(SolutionConfigurationPlatforms) = preSolution
		Debug|Any CPU = Debug|Any CPU
		Release|Any CPU = Release|Any CPU
	EndGlobalSection
	GlobalSection(ProjectConfigurationPlatforms) = postSolution
		{7028E44E-407C-4460-A51E-00171036FB36}.Debug|Any CPU.ActiveCfg = Debug|Any CPU
		{7028E44E-407C-4460-A51E-00171036FB36}.Debug|Any CPU.Build.0 = Debug|Any CPU
		{7028E44E-407C-4460-A51E-00171036FB36}.Release|Any CPU.ActiveCfg = Release|Any CPU
		{7028E44E-407C-4460-A51E-00171036FB36}.Release|Any CPU.Build.0 = Release|Any CPU
		{2B476994-0BFA-4D17-A968-4A022CDFDF9D}.Debug|Any CPU.ActiveCfg = Debug|Any CPU
		{2B476994-0BFA-4D17-A968-4A022CDFDF9D}.Debug|Any CPU.Build.0 = Debug|Any CPU
		{2B476994-0BFA-4D17-A968-4A022CDFDF9D}.Release|Any CPU.ActiveCfg = Release|Any CPU
		{2B476994-0BFA-4D17-A968-4A022CDFDF9D}.Release|Any CPU.Build.0 = Release|Any CPU
		{BAAD5010-3B68-471A-A195-A2393F0E0D4B}.Debug|Any CPU.ActiveCfg = Debug|Any CPU
		{BAAD5010-3B68-471A-A195-A2393F0E0D4B}.Debug|Any CPU.Build.0 = Debug|Any CPU
		{BAAD5010-3B68-471A-A195-A2393F0E0D4B}.Release|Any CPU.ActiveCfg = Release|Any CPU
		{BAAD5010-3B68-471A-A195-A2393F0E0D4B}.Release|Any CPU.Build.0 = Release|Any CPU
	EndGlobalSection
	GlobalSection(SolutionProperties) = preSolution
		HideSolutionNode = FALSE
	EndGlobalSection
	GlobalSection(ExtensibilityGlobals) = postSolution
		SolutionGuid = {A42876A2-138B-4736-9AA1-E83D9DE822D8}
	EndGlobalSection
EndGlobal
